
Microsoft Visual Studio Solution File, Format Version 12.00
# Visual Studio Version 17
VisualStudioVersion = 17.13.35931.197
MinimumVisualStudioVersion = 10.0.40219.1
Project("{2150E333-8FDC-42A3-9474-1A3956D46DE8}") = "src", "src", "{02EA681E-C7D8-13C7-8484-4AC65E1B71E8}"
EndProject
Project("{2150E333-8FDC-42A3-9474-1A3956D46DE8}") = "3.End Point", "3.End Point", "{DE28A7DA-F5B6-4A53-BAF4-AEE43DA2C95D}"
EndProject
Project("{2150E333-8FDC-42A3-9474-1A3956D46DE8}") = "2.infrastrocture", "2.infrastrocture", "{5079C3B4-851A-48AA-B41B-314B8798522F}"
EndProject
Project("{2150E333-8FDC-42A3-9474-1A3956D46DE8}") = "1.Domain", "1.Domain", "{29AA8142-7CF4-4A8B-A2A7-81491EC227EE}"
EndProject
Project("{2150E333-8FDC-42A3-9474-1A3956D46DE8}") = "Core", "Core", "{F8235A84-6EEE-47DA-9BC3-4CE4F1554A38}"
EndProject
Project("{FAE04EC0-301F-11D3-BF4B-00C04F79EFBC}") = "HotelResevation.Domain.Core", "HotelResevation.Domain.Core\HotelResevation.Domain.Core.csproj", "{31B5CF48-98E3-4E23-AFC1-7DDC4CB9227A}"
EndProject
Project("{FAE04EC0-301F-11D3-BF4B-00C04F79EFBC}") = "EFCORE", "EFCORE\EFCORE.csproj", "{3715730C-9FBA-4C4B-9D0A-BF8B15DACEC7}"
EndProject
Project("{FAE04EC0-301F-11D3-BF4B-00C04F79EFBC}") = "WebApplication1", "WebApplication1\WebApplication1.csproj", "{04556153-66EE-4E22-B27D-1FBB9B7BD6F2}"
EndProject
Global
	GlobalSection(SolutionConfigurationPlatforms) = preSolution
		Debug|Any CPU = Debug|Any CPU
		Release|Any CPU = Release|Any CPU
	EndGlobalSection
	GlobalSection(ProjectConfigurationPlatforms) = postSolution
		{31B5CF48-98E3-4E23-AFC1-7DDC4CB9227A}.Debug|Any CPU.ActiveCfg = Debug|Any CPU
		{31B5CF48-98E3-4E23-AFC1-7DDC4CB9227A}.Debug|Any CPU.Build.0 = Debug|Any CPU
		{31B5CF48-98E3-4E23-AFC1-7DDC4CB9227A}.Release|Any CPU.ActiveCfg = Release|Any CPU
		{31B5CF48-98E3-4E23-AFC1-7DDC4CB9227A}.Release|Any CPU.Build.0 = Release|Any CPU
		{3715730C-9FBA-4C4B-9D0A-BF8B15DACEC7}.Debug|Any CPU.ActiveCfg = Debug|Any CPU
		{3715730C-9FBA-4C4B-9D0A-BF8B15DACEC7}.Debug|Any CPU.Build.0 = Debug|Any CPU
		{3715730C-9FBA-4C4B-9D0A-BF8B15DACEC7}.Release|Any CPU.ActiveCfg = Release|Any CPU
		{3715730C-9FBA-4C4B-9D0A-BF8B15DACEC7}.Release|Any CPU.Build.0 = Release|Any CPU
		{04556153-66EE-4E22-B27D-1FBB9B7BD6F2}.Debug|Any CPU.ActiveCfg = Debug|Any CPU
		{04556153-66EE-4E22-B27D-1FBB9B7BD6F2}.Debug|Any CPU.Build.0 = Debug|Any CPU
		{04556153-66EE-4E22-B27D-1FBB9B7BD6F2}.Release|Any CPU.ActiveCfg = Release|Any CPU
		{04556153-66EE-4E22-B27D-1FBB9B7BD6F2}.Release|Any CPU.Build.0 = Release|Any CPU
	EndGlobalSection
	GlobalSection(SolutionProperties) = preSolution
		HideSolutionNode = FALSE
	EndGlobalSection
	GlobalSection(NestedProjects) = preSolution
		{DE28A7DA-F5B6-4A53-BAF4-AEE43DA2C95D} = {02EA681E-C7D8-13C7-8484-4AC65E1B71E8}
		{5079C3B4-851A-48AA-B41B-314B8798522F} = {02EA681E-C7D8-13C7-8484-4AC65E1B71E8}
		{29AA8142-7CF4-4A8B-A2A7-81491EC227EE} = {02EA681E-C7D8-13C7-8484-4AC65E1B71E8}
		{F8235A84-6EEE-47DA-9BC3-4CE4F1554A38} = {29AA8142-7CF4-4A8B-A2A7-81491EC227EE}
		{31B5CF48-98E3-4E23-AFC1-7DDC4CB9227A} = {F8235A84-6EEE-47DA-9BC3-4CE4F1554A38}
		{3715730C-9FBA-4C4B-9D0A-BF8B15DACEC7} = {5079C3B4-851A-48AA-B41B-314B8798522F}
		{04556153-66EE-4E22-B27D-1FBB9B7BD6F2} = {DE28A7DA-F5B6-4A53-BAF4-AEE43DA2C95D}
	EndGlobalSection
	GlobalSection(ExtensibilityGlobals) = postSolution
		SolutionGuid = {DC4C5964-8EF1-4195-B792-3AAE8A6DAE67}
	EndGlobalSection
EndGlobal
